# This file is automatically @generated by Cargo.
# It is not intended for manual editing.
version = 3

[[package]]
name = "aho-corasick"
version = "0.7.18"
source = "registry+https://github.com/rust-lang/crates.io-index"
checksum = "1e37cfd5e7657ada45f742d6e99ca5788580b5c529dc78faf11ece6dc702656f"
dependencies = [
 "memchr",
]

[[package]]
name = "ansi_term"
version = "0.12.1"
source = "registry+https://github.com/rust-lang/crates.io-index"
checksum = "d52a9bb7ec0cf484c551830a7ce27bd20d67eac647e1befb56b0be4ee39a55d2"
dependencies = [
 "winapi",
]

[[package]]
name = "anyhow"
version = "1.0.52"
source = "registry+https://github.com/rust-lang/crates.io-index"
checksum = "84450d0b4a8bd1ba4144ce8ce718fbc5d071358b1e5384bace6536b3d1f2d5b3"

[[package]]
name = "arrayvec"
version = "0.5.2"
source = "registry+https://github.com/rust-lang/crates.io-index"
checksum = "23b62fc65de8e4e7f52534fb52b0f3ed04746ae267519eef2a83941e8085068b"

[[package]]
name = "atty"
version = "0.2.14"
source = "registry+https://github.com/rust-lang/crates.io-index"
checksum = "d9b39be18770d11421cdb1b9947a45dd3f37e93092cbf377614828a319d5fee8"
dependencies = [
 "hermit-abi",
 "libc",
 "winapi",
]

[[package]]
name = "autocfg"
version = "1.0.1"
source = "registry+https://github.com/rust-lang/crates.io-index"
checksum = "cdb031dd78e28731d87d56cc8ffef4a8f36ca26c38fe2de700543e627f8a464a"

[[package]]
name = "base64"
version = "0.13.0"
source = "registry+https://github.com/rust-lang/crates.io-index"
checksum = "904dfeac50f3cdaba28fc6f57fdcddb75f49ed61346676a78c4ffe55877802fd"

[[package]]
name = "bitflags"
version = "1.3.2"
source = "registry+https://github.com/rust-lang/crates.io-index"
checksum = "bef38d45163c2f1dde094a7dfd33ccf595c92905c8f8f4fdc18d06fb1037718a"

[[package]]
name = "block-buffer"
version = "0.9.0"
source = "registry+https://github.com/rust-lang/crates.io-index"
checksum = "4152116fd6e9dadb291ae18fc1ec3575ed6d84c29642d97890f4b4a3417297e4"
dependencies = [
 "generic-array",
]

[[package]]
name = "boomphf"
version = "0.5.9"
source = "registry+https://github.com/rust-lang/crates.io-index"
checksum = "4e8fb7f38fef59c32549861151d63a6190865e60cf690340c13e3d7178b42a2f"
dependencies = [
 "crossbeam-utils",
 "log",
 "rayon",
 "wyhash",
]

[[package]]
name = "bstr"
version = "0.2.17"
source = "registry+https://github.com/rust-lang/crates.io-index"
checksum = "ba3569f383e8f1598449f1a423e72e99569137b47740b1da11ef19af3d5c3223"
dependencies = [
 "lazy_static",
 "memchr",
 "regex-automata",
]

[[package]]
name = "byteorder"
version = "1.4.3"
source = "registry+https://github.com/rust-lang/crates.io-index"
checksum = "14c189c53d098945499cdfa7ecc63567cf3886b3332b312a5b4585d8d3a6a610"

[[package]]
name = "bytes"
version = "1.1.0"
source = "registry+https://github.com/rust-lang/crates.io-index"
checksum = "c4872d67bab6358e59559027aa3b9157c53d9358c51423c17554809a8858e0f8"

[[package]]
name = "cc"
version = "1.0.72"
source = "registry+https://github.com/rust-lang/crates.io-index"
checksum = "22a9137b95ea06864e018375b72adfb7db6e6f68cfc8df5a04d00288050485ee"

[[package]]
name = "cfg-if"
version = "1.0.0"
source = "registry+https://github.com/rust-lang/crates.io-index"
checksum = "baf1de4339761588bc0619e3cbc0120ee582ebb74b53b4efbf79117bd2da40fd"

[[package]]
name = "clap"
version = "2.34.0"
source = "registry+https://github.com/rust-lang/crates.io-index"
checksum = "a0610544180c38b88101fecf2dd634b174a62eef6946f84dfc6a7127512b381c"
dependencies = [
 "ansi_term",
 "atty",
 "bitflags",
 "strsim 0.8.0",
 "textwrap 0.11.0",
 "unicode-width",
 "vec_map",
]

[[package]]
name = "clap"
version = "3.0.14"
source = "registry+https://github.com/rust-lang/crates.io-index"
checksum = "b63edc3f163b3c71ec8aa23f9bd6070f77edbf3d1d198b164afa90ff00e4ec62"
dependencies = [
 "atty",
 "bitflags",
 "clap_derive",
 "indexmap",
 "lazy_static",
 "os_str_bytes",
 "strsim 0.10.0",
 "termcolor",
 "textwrap 0.14.2",
]

[[package]]
name = "clap_derive"
version = "3.0.14"
source = "registry+https://github.com/rust-lang/crates.io-index"
checksum = "9a1132dc3944b31c20dd8b906b3a9f0a5d0243e092d59171414969657ac6aa85"
dependencies = [
 "heck 0.4.0",
 "proc-macro-error",
 "proc-macro2",
 "quote",
 "syn",
]

[[package]]
name = "config"
version = "0.11.0"
source = "registry+https://github.com/rust-lang/crates.io-index"
checksum = "1b1b9d958c2b1368a663f05538fc1b5975adce1e19f435acceae987aceeeb369"
dependencies = [
 "lazy_static",
 "nom 5.1.2",
 "rust-ini",
 "serde 1.0.133",
 "serde-hjson",
 "serde_json",
 "toml",
 "yaml-rust",
]

[[package]]
name = "cpufeatures"
version = "0.2.1"
source = "registry+https://github.com/rust-lang/crates.io-index"
checksum = "95059428f66df56b63431fdb4e1947ed2190586af5c5a8a8b71122bdf5a7f469"
dependencies = [
 "libc",
]

[[package]]
name = "crossbeam-channel"
version = "0.5.2"
source = "registry+https://github.com/rust-lang/crates.io-index"
checksum = "e54ea8bc3fb1ee042f5aace6e3c6e025d3874866da222930f70ce62aceba0bfa"
dependencies = [
 "cfg-if",
 "crossbeam-utils",
]

[[package]]
name = "crossbeam-deque"
version = "0.8.1"
source = "registry+https://github.com/rust-lang/crates.io-index"
checksum = "6455c0ca19f0d2fbf751b908d5c55c1f5cbc65e03c4225427254b46890bdde1e"
dependencies = [
 "cfg-if",
 "crossbeam-epoch",
 "crossbeam-utils",
]

[[package]]
name = "crossbeam-epoch"
version = "0.9.6"
source = "registry+https://github.com/rust-lang/crates.io-index"
checksum = "97242a70df9b89a65d0b6df3c4bf5b9ce03c5b7309019777fbde37e7537f8762"
dependencies = [
 "cfg-if",
 "crossbeam-utils",
 "lazy_static",
 "memoffset",
 "scopeguard",
]

[[package]]
name = "crossbeam-utils"
version = "0.8.6"
source = "registry+https://github.com/rust-lang/crates.io-index"
checksum = "cfcae03edb34f947e64acdb1c33ec169824e20657e9ecb61cef6c8c74dcb8120"
dependencies = [
 "cfg-if",
 "lazy_static",
]

[[package]]
name = "dhcp4r"
version = "0.2.3"
source = "registry+https://github.com/rust-lang/crates.io-index"
checksum = "afabc97435078b9a514bbdd13726797a7e47ae31a0c09ded1bbf74bc9232bb38"
dependencies = [
 "enum-primitive-derive",
 "nom 7.1.0",
 "num-traits 0.2.14",
]

[[package]]
name = "digest"
version = "0.9.0"
source = "registry+https://github.com/rust-lang/crates.io-index"
checksum = "d3dd60d1080a57a05ab032377049e0591415d2b31afd7028356dbf3cc6dcb066"
dependencies = [
 "generic-array",
]

[[package]]
name = "dirs-next"
version = "2.0.0"
source = "registry+https://github.com/rust-lang/crates.io-index"
checksum = "b98cf8ebf19c3d1b223e151f99a4f9f0690dca41414773390fc824184ac833e1"
dependencies = [
 "cfg-if",
 "dirs-sys-next",
]

[[package]]
name = "dirs-sys-next"
version = "0.1.2"
source = "registry+https://github.com/rust-lang/crates.io-index"
checksum = "4ebda144c4fe02d1f7ea1a7d9641b6fc6b580adcfa024ae48797ecdeb6825b4d"
dependencies = [
 "libc",
 "redox_users",
 "winapi",
]

[[package]]
name = "dns-parser"
version = "0.8.0"
source = "registry+https://github.com/rust-lang/crates.io-index"
checksum = "c4d33be9473d06f75f58220f71f7a9317aca647dc061dbd3c361b0bef505fbea"
dependencies = [
 "byteorder",
 "quick-error",
]

[[package]]
name = "either"
version = "1.6.1"
source = "registry+https://github.com/rust-lang/crates.io-index"
checksum = "e78d4f1cc4ae33bbfc157ed5d5a5ef3bc29227303d595861deb238fcec4e9457"

[[package]]
name = "enum-primitive-derive"
version = "0.2.2"
source = "registry+https://github.com/rust-lang/crates.io-index"
checksum = "c375b9c5eadb68d0a6efee2999fef292f45854c3444c86f09d8ab086ba942b0e"
dependencies = [
 "num-traits 0.2.14",
 "quote",
 "syn",
]

[[package]]
name = "enum_primitive"
version = "0.1.1"
source = "registry+https://github.com/rust-lang/crates.io-index"
checksum = "be4551092f4d519593039259a9ed8daedf0da12e5109c5280338073eaeb81180"
dependencies = [
 "num-traits 0.1.43",
]

[[package]]
name = "env_logger"
version = "0.9.0"
source = "registry+https://github.com/rust-lang/crates.io-index"
checksum = "0b2cf0344971ee6c64c31be0d530793fba457d322dfec2810c453d0ef228f9c3"
dependencies = [
 "atty",
 "humantime",
 "log",
 "regex",
 "termcolor",
]

[[package]]
name = "fast-socks5"
version = "0.6.1"
source = "git+https://github.com/yuguorui/fast-socks5.git?rev=168c1da#168c1da02ff8011055a68d7e4edcdc3a21a547ee"
dependencies = [
 "anyhow",
 "futures",
 "log",
 "thiserror",
 "tokio",
 "tokio-stream",
]

[[package]]
name = "form_urlencoded"
version = "1.0.1"
source = "registry+https://github.com/rust-lang/crates.io-index"
checksum = "5fc25a87fa4fd2094bffb06925852034d90a17f0d1e05197d4956d3555752191"
dependencies = [
 "matches",
 "percent-encoding",
]

[[package]]
name = "futures"
version = "0.3.19"
source = "registry+https://github.com/rust-lang/crates.io-index"
checksum = "28560757fe2bb34e79f907794bb6b22ae8b0e5c669b638a1132f2592b19035b4"
dependencies = [
 "futures-channel",
 "futures-core",
 "futures-executor",
 "futures-io",
 "futures-sink",
 "futures-task",
 "futures-util",
]

[[package]]
name = "futures-channel"
version = "0.3.19"
source = "registry+https://github.com/rust-lang/crates.io-index"
checksum = "ba3dda0b6588335f360afc675d0564c17a77a2bda81ca178a4b6081bd86c7f0b"
dependencies = [
 "futures-core",
 "futures-sink",
]

[[package]]
name = "futures-core"
version = "0.3.19"
source = "registry+https://github.com/rust-lang/crates.io-index"
checksum = "d0c8ff0461b82559810cdccfde3215c3f373807f5e5232b71479bff7bb2583d7"

[[package]]
name = "futures-executor"
version = "0.3.19"
source = "registry+https://github.com/rust-lang/crates.io-index"
checksum = "29d6d2ff5bb10fb95c85b8ce46538a2e5f5e7fdc755623a7d4529ab8a4ed9d2a"
dependencies = [
 "futures-core",
 "futures-task",
 "futures-util",
]

[[package]]
name = "futures-io"
version = "0.3.19"
source = "registry+https://github.com/rust-lang/crates.io-index"
checksum = "b1f9d34af5a1aac6fb380f735fe510746c38067c5bf16c7fd250280503c971b2"

[[package]]
name = "futures-macro"
version = "0.3.19"
source = "registry+https://github.com/rust-lang/crates.io-index"
checksum = "6dbd947adfffb0efc70599b3ddcf7b5597bb5fa9e245eb99f62b3a5f7bb8bd3c"
dependencies = [
 "proc-macro2",
 "quote",
 "syn",
]

[[package]]
name = "futures-sink"
version = "0.3.19"
source = "registry+https://github.com/rust-lang/crates.io-index"
checksum = "e3055baccb68d74ff6480350f8d6eb8fcfa3aa11bdc1a1ae3afdd0514617d508"

[[package]]
name = "futures-task"
version = "0.3.19"
source = "registry+https://github.com/rust-lang/crates.io-index"
checksum = "6ee7c6485c30167ce4dfb83ac568a849fe53274c831081476ee13e0dce1aad72"

[[package]]
name = "futures-util"
version = "0.3.19"
source = "registry+https://github.com/rust-lang/crates.io-index"
checksum = "d9b5cf40b47a271f77a8b1bec03ca09044d99d2372c0de244e66430761127164"
dependencies = [
 "futures-channel",
 "futures-core",
 "futures-io",
 "futures-macro",
 "futures-sink",
 "futures-task",
 "memchr",
 "pin-project-lite",
 "pin-utils",
 "slab",
]

[[package]]
name = "generic-array"
version = "0.14.4"
source = "registry+https://github.com/rust-lang/crates.io-index"
checksum = "501466ecc8a30d1d3b7fc9229b122b2ce8ed6e9d9223f1138d4babb253e51817"
dependencies = [
 "typenum",
 "version_check",
]

[[package]]
name = "getrandom"
version = "0.2.3"
source = "registry+https://github.com/rust-lang/crates.io-index"
checksum = "7fcd999463524c52659517fe2cea98493cfe485d10565e7b0fb07dbba7ad2753"
dependencies = [
 "cfg-if",
 "libc",
 "wasi 0.10.2+wasi-snapshot-preview1",
]

[[package]]
name = "hashbrown"
version = "0.11.2"
source = "registry+https://github.com/rust-lang/crates.io-index"
checksum = "ab5ef0d4909ef3724cc8cce6ccc8572c5c817592e9285f5464f8e86f8bd3726e"

[[package]]
name = "heck"
version = "0.3.3"
source = "registry+https://github.com/rust-lang/crates.io-index"
checksum = "6d621efb26863f0e9924c6ac577e8275e5e6b77455db64ffa6c65c904e9e132c"
dependencies = [
 "unicode-segmentation",
]

[[package]]
name = "heck"
version = "0.4.0"
source = "registry+https://github.com/rust-lang/crates.io-index"
checksum = "2540771e65fc8cb83cd6e8a237f70c319bd5c29f78ed1084ba5d50eeac86f7f9"

[[package]]
name = "hermit-abi"
version = "0.1.19"
source = "registry+https://github.com/rust-lang/crates.io-index"
checksum = "62b467343b94ba476dcb2500d242dadbb39557df889310ac77c5d99100aaac33"
dependencies = [
 "libc",
]

[[package]]
name = "humantime"
version = "2.1.0"
source = "registry+https://github.com/rust-lang/crates.io-index"
checksum = "9a3a5bfb195931eeb336b2a7b4d761daec841b97f947d34394601737a7bba5e4"

[[package]]
name = "idna"
version = "0.2.3"
source = "registry+https://github.com/rust-lang/crates.io-index"
checksum = "418a0a6fab821475f634efe3ccc45c013f742efe03d853e8d3355d5cb850ecf8"
dependencies = [
 "matches",
 "unicode-bidi",
 "unicode-normalization",
]

[[package]]
name = "indexmap"
version = "1.8.0"
source = "registry+https://github.com/rust-lang/crates.io-index"
checksum = "282a6247722caba404c065016bbfa522806e51714c34f5dfc3e4a3a46fcb4223"
dependencies = [
 "autocfg",
 "hashbrown",
]

[[package]]
name = "ipnet"
version = "2.3.1"
source = "registry+https://github.com/rust-lang/crates.io-index"
checksum = "68f2d64f2edebec4ce84ad108148e67e1064789bee435edc5b60ad398714a3a9"

[[package]]
name = "iprange"
version = "0.6.6"
source = "registry+https://github.com/rust-lang/crates.io-index"
checksum = "c35c37d40904e85813524129c09edb700f9f4c9eef5a5de03fb7e22e4d5efe7f"
dependencies = [
 "ipnet",
]

[[package]]
name = "iptables"
version = "0.5.0"
source = "registry+https://github.com/rust-lang/crates.io-index"
checksum = "1c488ad8e743814579544d5a17bda107cd7a4009ade4d55ce94f4c3ec0281147"
dependencies = [
 "lazy_static",
 "nix 0.23.1",
 "regex",
]

[[package]]
name = "itertools"
version = "0.10.3"
source = "registry+https://github.com/rust-lang/crates.io-index"
checksum = "a9a9d19fa1e79b6215ff29b9d6880b706147f16e9b1dbb1e4e5947b5b02bc5e3"
dependencies = [
 "either",
]

[[package]]
name = "itoa"
version = "1.0.1"
source = "registry+https://github.com/rust-lang/crates.io-index"
checksum = "1aab8fc367588b89dcee83ab0fd66b72b50b72fa1904d7095045ace2b0c81c35"

[[package]]
name = "lazy_static"
version = "1.4.0"
source = "registry+https://github.com/rust-lang/crates.io-index"
checksum = "e2abad23fbc42b3700f2f279844dc832adb2b2eb069b2df918f455c4e18cc646"

[[package]]
name = "lexical-core"
version = "0.7.6"
source = "registry+https://github.com/rust-lang/crates.io-index"
checksum = "6607c62aa161d23d17a9072cc5da0be67cdfc89d3afb1e8d9c842bebc2525ffe"
dependencies = [
 "arrayvec",
 "bitflags",
 "cfg-if",
 "ryu",
 "static_assertions",
]

[[package]]
name = "libc"
version = "0.2.122"
source = "registry+https://github.com/rust-lang/crates.io-index"
checksum = "ec647867e2bf0772e28c8bcde4f0d19a9216916e890543b5a03ed8ef27b8f259"

[[package]]
name = "linked-hash-map"
version = "0.5.4"
source = "registry+https://github.com/rust-lang/crates.io-index"
checksum = "7fb9b38af92608140b86b693604b9ffcc5824240a484d1ecd4795bacb2fe88f3"

[[package]]
name = "lock_api"
version = "0.4.6"
source = "registry+https://github.com/rust-lang/crates.io-index"
checksum = "88943dd7ef4a2e5a4bfa2753aaab3013e34ce2533d1996fb18ef591e315e2b3b"
dependencies = [
 "scopeguard",
]

[[package]]
name = "log"
version = "0.4.14"
source = "registry+https://github.com/rust-lang/crates.io-index"
checksum = "51b9bbe6c47d51fc3e1a9b945965946b4c44142ab8792c50835a980d362c2710"
dependencies = [
 "cfg-if",
]

[[package]]
name = "matches"
version = "0.1.9"
source = "registry+https://github.com/rust-lang/crates.io-index"
checksum = "a3e378b66a060d48947b590737b30a1be76706c8dd7b8ba0f2fe3989c68a853f"

[[package]]
name = "maxminddb"
version = "0.17.3"
source = "registry+https://github.com/rust-lang/crates.io-index"
checksum = "d13fa57adcc4f3aca91e511b3cdaa58ed8cbcbf97f20e342a11218c76e127f51"
dependencies = [
 "log",
 "serde 1.0.133",
]

[[package]]
name = "memchr"
version = "2.4.1"
source = "registry+https://github.com/rust-lang/crates.io-index"
checksum = "308cc39be01b73d0d18f82a0e7b2a3df85245f84af96fdddc5d202d27e47b86a"

[[package]]
name = "memoffset"
version = "0.6.5"
source = "registry+https://github.com/rust-lang/crates.io-index"
checksum = "5aa361d4faea93603064a027415f07bd8e1d5c88c9fbf68bf56a285428fd79ce"
dependencies = [
 "autocfg",
]

[[package]]
name = "minimal-lexical"
version = "0.2.1"
source = "registry+https://github.com/rust-lang/crates.io-index"
checksum = "68354c5c6bd36d73ff3feceb05efa59b6acb7626617f4962be322a825e61f79a"

[[package]]
name = "mio"
version = "0.8.2"
source = "registry+https://github.com/rust-lang/crates.io-index"
checksum = "52da4364ffb0e4fe33a9841a98a3f3014fb964045ce4f7a45a398243c8d6b0c9"
dependencies = [
 "libc",
 "log",
 "miow",
 "ntapi",
 "wasi 0.11.0+wasi-snapshot-preview1",
 "winapi",
]

[[package]]
name = "miow"
version = "0.3.7"
source = "registry+https://github.com/rust-lang/crates.io-index"
checksum = "b9f1c5b025cda876f66ef43a113f91ebc9f4ccef34843000e0adf6ebbab84e21"
dependencies = [
 "winapi",
]

[[package]]
name = "netlink-packet-core"
version = "0.4.1"
source = "registry+https://github.com/rust-lang/crates.io-index"
checksum = "8349128e95f5dabcb8a18587ad06b3ca7993e90c0c360b4a2abac0313ebce727"
dependencies = [
 "anyhow",
 "byteorder",
 "libc",
 "netlink-packet-utils",
]

[[package]]
name = "netlink-packet-route"
version = "0.10.0"
source = "registry+https://github.com/rust-lang/crates.io-index"
checksum = "9fb5d54077de7c0904111e1d19b661b8cfccbc23d9ce5b6dbcc7362721e6e552"
dependencies = [
 "anyhow",
 "bitflags",
 "byteorder",
 "libc",
 "netlink-packet-core",
 "netlink-packet-utils",
]

[[package]]
name = "netlink-packet-utils"
version = "0.5.0"
source = "registry+https://github.com/rust-lang/crates.io-index"
checksum = "0a008a56eceb0cab06739c7f37f15bda27f1147a14d0e7136e8c913b94f1441d"
dependencies = [
 "anyhow",
 "byteorder",
 "paste",
 "thiserror",
]

[[package]]
name = "netlink-proto"
version = "0.9.1"
source = "registry+https://github.com/rust-lang/crates.io-index"
checksum = "073885f70c1d54fdc6148075e8e38a5e8a28179f59de5bd0fc6277cae4fec95a"
dependencies = [
 "bytes",
 "futures",
 "log",
 "netlink-packet-core",
 "netlink-sys",
 "tokio",
]

[[package]]
name = "netlink-sys"
version = "0.8.1"
source = "registry+https://github.com/rust-lang/crates.io-index"
checksum = "ed51a4602bb956eefef0ebc15f478bf9732fa3cc706e0a37112e654f41c5b92c"
dependencies = [
 "bytes",
 "futures",
 "libc",
 "log",
 "tokio",
]

[[package]]
name = "nix"
version = "0.22.3"
source = "registry+https://github.com/rust-lang/crates.io-index"
checksum = "e4916f159ed8e5de0082076562152a76b7a1f64a01fd9d1e0fea002c37624faf"
dependencies = [
 "bitflags",
 "cc",
 "cfg-if",
 "libc",
 "memoffset",
]

[[package]]
name = "nix"
version = "0.23.1"
source = "registry+https://github.com/rust-lang/crates.io-index"
checksum = "9f866317acbd3a240710c63f065ffb1e4fd466259045ccb504130b7f668f35c6"
dependencies = [
 "bitflags",
 "cc",
 "cfg-if",
 "libc",
 "memoffset",
]

[[package]]
name = "nom"
version = "5.1.2"
source = "registry+https://github.com/rust-lang/crates.io-index"
checksum = "ffb4262d26ed83a1c0a33a38fe2bb15797329c85770da05e6b828ddb782627af"
dependencies = [
 "lexical-core",
 "memchr",
 "version_check",
]

[[package]]
name = "nom"
version = "7.1.0"
source = "registry+https://github.com/rust-lang/crates.io-index"
checksum = "1b1d11e1ef389c76fe5b81bcaf2ea32cf88b62bc494e19f493d0b30e7a930109"
dependencies = [
 "memchr",
 "minimal-lexical",
 "version_check",
]

[[package]]
name = "nom-derive"
version = "0.10.0"
source = "registry+https://github.com/rust-lang/crates.io-index"
checksum = "007e042d4414938f8bed4f97b8e358b215e06c5aa80ce237decab36807aa95eb"
dependencies = [
 "nom 7.1.0",
 "nom-derive-impl",
 "rustversion",
]

[[package]]
name = "nom-derive-impl"
version = "0.10.0"
source = "registry+https://github.com/rust-lang/crates.io-index"
checksum = "770ac067d17c285c04d84ca061aa439e269c053a413d36796e2d8ab7f481375d"
dependencies = [
 "proc-macro2",
 "quote",
 "syn",
]

[[package]]
name = "ntapi"
version = "0.3.6"
source = "registry+https://github.com/rust-lang/crates.io-index"
checksum = "3f6bb902e437b6d86e03cce10a7e2af662292c5dfef23b65899ea3ac9354ad44"
dependencies = [
 "winapi",
]

[[package]]
name = "num-traits"
version = "0.1.43"
source = "registry+https://github.com/rust-lang/crates.io-index"
checksum = "92e5113e9fd4cc14ded8e499429f396a20f98c772a47cc8622a736e1ec843c31"
dependencies = [
 "num-traits 0.2.14",
]

[[package]]
name = "num-traits"
version = "0.2.14"
source = "registry+https://github.com/rust-lang/crates.io-index"
checksum = "9a64b1ec5cda2586e284722486d802acf1f7dbdc623e2bfc57e65ca1cd099290"
dependencies = [
 "autocfg",
]

[[package]]
name = "num_cpus"
version = "1.13.1"
source = "registry+https://github.com/rust-lang/crates.io-index"
checksum = "19e64526ebdee182341572e50e9ad03965aa510cd94427a4549448f285e957a1"
dependencies = [
 "hermit-abi",
 "libc",
]

[[package]]
name = "once_cell"
version = "1.9.0"
source = "registry+https://github.com/rust-lang/crates.io-index"
checksum = "da32515d9f6e6e489d7bc9d84c71b060db7247dc035bbe44eac88cf87486d8d5"

[[package]]
name = "opaque-debug"
version = "0.3.0"
source = "registry+https://github.com/rust-lang/crates.io-index"
checksum = "624a8340c38c1b80fd549087862da4ba43e08858af025b236e509b6649fc13d5"

[[package]]
name = "os_str_bytes"
version = "6.0.0"
source = "registry+https://github.com/rust-lang/crates.io-index"
checksum = "8e22443d1643a904602595ba1cd8f7d896afe56d26712531c5ff73a15b2fbf64"
dependencies = [
 "memchr",
]

[[package]]
name = "parking_lot"
version = "0.12.0"
source = "registry+https://github.com/rust-lang/crates.io-index"
checksum = "87f5ec2493a61ac0506c0f4199f99070cbe83857b0337006a30f3e6719b8ef58"
dependencies = [
 "lock_api",
 "parking_lot_core",
]

[[package]]
name = "parking_lot_core"
version = "0.9.1"
source = "registry+https://github.com/rust-lang/crates.io-index"
checksum = "28141e0cc4143da2443301914478dc976a61ffdb3f043058310c70df2fed8954"
dependencies = [
 "cfg-if",
 "libc",
 "redox_syscall",
 "smallvec",
 "windows-sys",
]

[[package]]
name = "paste"
version = "1.0.6"
source = "registry+https://github.com/rust-lang/crates.io-index"
checksum = "0744126afe1a6dd7f394cb50a716dbe086cb06e255e53d8d0185d82828358fb5"

[[package]]
name = "pcap-sys"
version = "0.1.3"
source = "registry+https://github.com/rust-lang/crates.io-index"
checksum = "114725dfe222c031086765fc138cf20291840ee1290883bcfacaca5f226289a3"
dependencies = [
 "libc",
 "pkg-config",
 "winapi",
]

[[package]]
name = "percent-encoding"
version = "2.1.0"
source = "registry+https://github.com/rust-lang/crates.io-index"
checksum = "d4fd5641d01c8f18a23da7b6fe29298ff4b55afcccdf78973b24cf3175fee32e"

[[package]]
name = "phf"
version = "0.10.1"
source = "registry+https://github.com/rust-lang/crates.io-index"
checksum = "fabbf1ead8a5bcbc20f5f8b939ee3f5b0f6f281b6ad3468b84656b658b455259"
dependencies = [
 "phf_shared",
]

[[package]]
name = "phf_codegen"
version = "0.10.0"
source = "registry+https://github.com/rust-lang/crates.io-index"
checksum = "4fb1c3a8bc4dd4e5cfce29b44ffc14bedd2ee294559a294e2a4d4c9e9a6a13cd"
dependencies = [
 "phf_generator",
 "phf_shared",
]

[[package]]
name = "phf_generator"
version = "0.10.0"
source = "registry+https://github.com/rust-lang/crates.io-index"
checksum = "5d5285893bb5eb82e6aaf5d59ee909a06a16737a8970984dd7746ba9283498d6"
dependencies = [
 "phf_shared",
 "rand",
]

[[package]]
name = "phf_shared"
version = "0.10.0"
source = "registry+https://github.com/rust-lang/crates.io-index"
checksum = "b6796ad771acdc0123d2a88dc428b5e38ef24456743ddb1744ed628f9815c096"
dependencies = [
 "siphasher",
]

[[package]]
name = "pin-project-lite"
version = "0.2.7"
source = "registry+https://github.com/rust-lang/crates.io-index"
checksum = "8d31d11c69a6b52a174b42bdc0c30e5e11670f90788b2c471c31c1d17d449443"

[[package]]
name = "pin-utils"
version = "0.1.0"
source = "registry+https://github.com/rust-lang/crates.io-index"
checksum = "8b870d8c151b6f2fb93e84a13146138f05d02ed11c7e7c54f8826aaaf7c9f184"

[[package]]
name = "pkg-config"
version = "0.3.24"
source = "registry+https://github.com/rust-lang/crates.io-index"
checksum = "58893f751c9b0412871a09abd62ecd2a00298c6c83befa223ef98c52aef40cbe"

[[package]]
name = "pktparse"
version = "0.7.1"
source = "registry+https://github.com/rust-lang/crates.io-index"
checksum = "a8aeb7ec35e7fdd2ecd56d39d56f843197f243d08cc4d51cf6b37268393d5e1b"
dependencies = [
 "nom 7.1.0",
 "serde 1.0.133",
]

[[package]]
name = "ppv-lite86"
version = "0.2.16"
source = "registry+https://github.com/rust-lang/crates.io-index"
checksum = "eb9f9e6e233e5c4a35559a617bf40a4ec447db2e84c20b55a6f83167b7e57872"

[[package]]
name = "proc-macro-error"
version = "1.0.4"
source = "registry+https://github.com/rust-lang/crates.io-index"
checksum = "da25490ff9892aab3fcf7c36f08cfb902dd3e71ca0f9f9517bea02a73a5ce38c"
dependencies = [
 "proc-macro-error-attr",
 "proc-macro2",
 "quote",
 "syn",
 "version_check",
]

[[package]]
name = "proc-macro-error-attr"
version = "1.0.4"
source = "registry+https://github.com/rust-lang/crates.io-index"
checksum = "a1be40180e52ecc98ad80b184934baf3d0d29f979574e439af5a55274b35f869"
dependencies = [
 "proc-macro2",
 "quote",
 "version_check",
]

[[package]]
name = "proc-macro2"
version = "1.0.36"
source = "registry+https://github.com/rust-lang/crates.io-index"
checksum = "c7342d5883fbccae1cc37a2353b09c87c9b0f3afd73f5fb9bba687a1f733b029"
dependencies = [
 "unicode-xid",
]

[[package]]
name = "quick-error"
version = "1.2.3"
source = "registry+https://github.com/rust-lang/crates.io-index"
checksum = "a1d01941d82fa2ab50be1e79e6714289dd7cde78eba4c074bc5a4374f650dfe0"

[[package]]
name = "quote"
version = "1.0.14"
source = "registry+https://github.com/rust-lang/crates.io-index"
checksum = "47aa80447ce4daf1717500037052af176af5d38cc3e571d9ec1c7353fc10c87d"
dependencies = [
 "proc-macro2",
]

[[package]]
name = "rand"
version = "0.8.4"
source = "registry+https://github.com/rust-lang/crates.io-index"
checksum = "2e7573632e6454cf6b99d7aac4ccca54be06da05aca2ef7423d22d27d4d4bcd8"
dependencies = [
 "libc",
 "rand_chacha",
 "rand_core",
 "rand_hc",
]

[[package]]
name = "rand_chacha"
version = "0.3.1"
source = "registry+https://github.com/rust-lang/crates.io-index"
checksum = "e6c10a63a0fa32252be49d21e7709d4d4baf8d231c2dbce1eaa8141b9b127d88"
dependencies = [
 "ppv-lite86",
 "rand_core",
]

[[package]]
name = "rand_core"
version = "0.6.3"
source = "registry+https://github.com/rust-lang/crates.io-index"
checksum = "d34f1408f55294453790c48b2f1ebbb1c5b4b7563eb1f418bcfcfdbb06ebb4e7"
dependencies = [
 "getrandom",
]

[[package]]
name = "rand_hc"
version = "0.3.1"
source = "registry+https://github.com/rust-lang/crates.io-index"
checksum = "d51e9f596de227fda2ea6c84607f5558e196eeaf43c986b724ba4fb8fdf497e7"
dependencies = [
 "rand_core",
]

[[package]]
name = "rayon"
version = "1.5.1"
source = "registry+https://github.com/rust-lang/crates.io-index"
checksum = "c06aca804d41dbc8ba42dfd964f0d01334eceb64314b9ecf7c5fad5188a06d90"
dependencies = [
 "autocfg",
 "crossbeam-deque",
 "either",
 "rayon-core",
]

[[package]]
name = "rayon-core"
version = "1.9.1"
source = "registry+https://github.com/rust-lang/crates.io-index"
checksum = "d78120e2c850279833f1dd3582f730c4ab53ed95aeaaaa862a2a5c71b1656d8e"
dependencies = [
 "crossbeam-channel",
 "crossbeam-deque",
 "crossbeam-utils",
 "lazy_static",
 "num_cpus",
]

[[package]]
name = "redox_syscall"
version = "0.2.10"
source = "registry+https://github.com/rust-lang/crates.io-index"
checksum = "8383f39639269cde97d255a32bdb68c047337295414940c68bdd30c2e13203ff"
dependencies = [
 "bitflags",
]

[[package]]
name = "redox_users"
version = "0.4.0"
source = "registry+https://github.com/rust-lang/crates.io-index"
checksum = "528532f3d801c87aec9def2add9ca802fe569e44a544afe633765267840abe64"
dependencies = [
 "getrandom",
 "redox_syscall",
]

[[package]]
name = "reduce"
version = "0.1.4"
source = "registry+https://github.com/rust-lang/crates.io-index"
checksum = "16d2dc47b68ac15ea328cd7ebe01d7d512ed29787f7d534ad2a3c341328b35d7"

[[package]]
name = "regex"
version = "1.5.4"
source = "registry+https://github.com/rust-lang/crates.io-index"
checksum = "d07a8629359eb56f1e2fb1652bb04212c072a87ba68546a04065d525673ac461"
dependencies = [
 "aho-corasick",
 "memchr",
 "regex-syntax",
]

[[package]]
name = "regex-automata"
version = "0.1.10"
source = "registry+https://github.com/rust-lang/crates.io-index"
checksum = "6c230d73fb8d8c1b9c0b3135c5142a8acee3a0558fb8db5cf1cb65f8d7862132"

[[package]]
name = "regex-syntax"
version = "0.6.25"
source = "registry+https://github.com/rust-lang/crates.io-index"
checksum = "f497285884f3fcff424ffc933e56d7cbca511def0c9831a7f9b5f6153e3cc89b"

[[package]]
name = "rfor"
version = "0.2.0"
dependencies = [
 "anyhow",
 "boomphf",
 "clap 3.0.14",
 "config",
 "fast-socks5",
 "futures",
 "ipnet",
 "iprange",
 "iptables",
 "itertools",
 "lazy_static",
 "maxminddb",
 "nix 0.23.1",
 "pktparse",
 "rtnetlink",
 "serde 1.0.133",
 "sniffglue",
 "thiserror",
 "tokio",
 "tuple",
 "url",
]

[[package]]
name = "rtnetlink"
version = "0.9.0"
source = "registry+https://github.com/rust-lang/crates.io-index"
checksum = "fa584f57f271d3fbd9f59503b090a0410a531c8cc272143669bf136c62ef409d"
dependencies = [
 "futures",
 "log",
 "netlink-packet-route",
 "netlink-proto",
 "nix 0.22.3",
 "thiserror",
 "tokio",
]

[[package]]
name = "rust-ini"
version = "0.13.0"
source = "registry+https://github.com/rust-lang/crates.io-index"
checksum = "3e52c148ef37f8c375d49d5a73aa70713125b7f19095948a923f80afdeb22ec2"

[[package]]
name = "rusticata-macros"
version = "4.0.0"
source = "registry+https://github.com/rust-lang/crates.io-index"
checksum = "65c52377bb2288aa522a0c8208947fada1e0c76397f108cc08f57efe6077b50d"
dependencies = [
 "nom 7.1.0",
]

[[package]]
name = "rustversion"
version = "1.0.6"
source = "registry+https://github.com/rust-lang/crates.io-index"
checksum = "f2cc38e8fa666e2de3c4aba7edeb5ffc5246c1c2ed0e3d17e560aeeba736b23f"

[[package]]
name = "ryu"
version = "1.0.9"
source = "registry+https://github.com/rust-lang/crates.io-index"
checksum = "73b4b750c782965c211b42f022f59af1fbceabdd026623714f104152f1ec149f"

[[package]]
name = "scopeguard"
version = "1.1.0"
source = "registry+https://github.com/rust-lang/crates.io-index"
checksum = "d29ab0c6d3fc0ee92fe66e2d99f700eab17a8d57d1c1d3b748380fb20baa78cd"

[[package]]
name = "seccomp-sys"
version = "0.1.3"
source = "registry+https://github.com/rust-lang/crates.io-index"
checksum = "e5bcf74ba0708aeaf8d702e4f84f7458ae1de42d80e2c20963a395b6038e6be6"
dependencies = [
 "libc",
]

[[package]]
name = "serde"
version = "0.8.23"
source = "registry+https://github.com/rust-lang/crates.io-index"
checksum = "9dad3f759919b92c3068c696c15c3d17238234498bbdcc80f2c469606f948ac8"

[[package]]
name = "serde"
version = "1.0.133"
source = "registry+https://github.com/rust-lang/crates.io-index"
checksum = "97565067517b60e2d1ea8b268e59ce036de907ac523ad83a0475da04e818989a"
dependencies = [
 "serde_derive",
]

[[package]]
name = "serde-hjson"
version = "0.9.1"
source = "registry+https://github.com/rust-lang/crates.io-index"
checksum = "6a3a4e0ea8a88553209f6cc6cfe8724ecad22e1acf372793c27d995290fe74f8"
dependencies = [
 "lazy_static",
 "num-traits 0.1.43",
 "regex",
 "serde 0.8.23",
]

[[package]]
name = "serde_derive"
version = "1.0.133"
source = "registry+https://github.com/rust-lang/crates.io-index"
checksum = "ed201699328568d8d08208fdd080e3ff594e6c422e438b6705905da01005d537"
dependencies = [
 "proc-macro2",
 "quote",
 "syn",
]

[[package]]
name = "serde_json"
version = "1.0.74"
source = "registry+https://github.com/rust-lang/crates.io-index"
checksum = "ee2bb9cd061c5865d345bb02ca49fcef1391741b672b54a0bf7b679badec3142"
dependencies = [
 "itoa",
 "ryu",
 "serde 1.0.133",
]

[[package]]
name = "sha2"
version = "0.9.8"
source = "registry+https://github.com/rust-lang/crates.io-index"
checksum = "b69f9a4c9740d74c5baa3fd2e547f9525fa8088a8a958e0ca2409a514e33f5fa"
dependencies = [
 "block-buffer",
 "cfg-if",
 "cpufeatures",
 "digest",
 "opaque-debug",
]

[[package]]
name = "signal-hook-registry"
version = "1.4.0"
source = "registry+https://github.com/rust-lang/crates.io-index"
checksum = "e51e73328dc4ac0c7ccbda3a494dfa03df1de2f46018127f60c693f2648455b0"
dependencies = [
 "libc",
]

[[package]]
name = "siphasher"
version = "0.3.7"
source = "registry+https://github.com/rust-lang/crates.io-index"
checksum = "533494a8f9b724d33625ab53c6c4800f7cc445895924a8ef649222dcb76e938b"

[[package]]
name = "slab"
version = "0.4.5"
source = "registry+https://github.com/rust-lang/crates.io-index"
checksum = "9def91fd1e018fe007022791f865d0ccc9b3a0d5001e01aabb8b40e46000afb5"

[[package]]
name = "smallvec"
version = "1.8.0"
source = "registry+https://github.com/rust-lang/crates.io-index"
checksum = "f2dd574626839106c320a323308629dcb1acfc96e32a8cba364ddc61ac23ee83"

[[package]]
name = "sniffglue"
version = "0.14.0"
source = "registry+https://github.com/rust-lang/crates.io-index"
checksum = "f056bfa09e8fae5f4cc0e1d4e8ae3619050644b321800d0d6a8cc778eb80aaf3"
dependencies = [
 "ansi_term",
 "anyhow",
 "atty",
 "base64",
 "bstr",
 "dhcp4r",
 "dirs-next",
 "dns-parser",
 "env_logger",
 "libc",
 "log",
 "nix 0.23.1",
 "nom 7.1.0",
 "num_cpus",
 "pcap-sys",
 "pktparse",
 "reduce",
 "serde 1.0.133",
 "serde_derive",
 "serde_json",
 "sha2",
 "structopt",
 "syscallz",
 "tls-parser",
 "toml",
 "users",
]

[[package]]
name = "socket2"
version = "0.4.4"
source = "registry+https://github.com/rust-lang/crates.io-index"
checksum = "66d72b759436ae32898a2af0a14218dbf55efde3feeb170eb623637db85ee1e0"
dependencies = [
 "libc",
 "winapi",
]

[[package]]
name = "static_assertions"
version = "1.1.0"
source = "registry+https://github.com/rust-lang/crates.io-index"
checksum = "a2eb9349b6444b326872e140eb1cf5e7c522154d69e7a0ffb0fb81c06b37543f"

[[package]]
name = "strsim"
version = "0.8.0"
source = "registry+https://github.com/rust-lang/crates.io-index"
checksum = "8ea5119cdb4c55b55d432abb513a0429384878c15dde60cc77b1c99de1a95a6a"

[[package]]
name = "strsim"
version = "0.10.0"
source = "registry+https://github.com/rust-lang/crates.io-index"
checksum = "73473c0e59e6d5812c5dfe2a064a6444949f089e20eec9a2e5506596494e4623"

[[package]]
name = "structopt"
version = "0.3.25"
source = "registry+https://github.com/rust-lang/crates.io-index"
checksum = "40b9788f4202aa75c240ecc9c15c65185e6a39ccdeb0fd5d008b98825464c87c"
dependencies = [
 "clap 2.34.0",
 "lazy_static",
 "structopt-derive",
]

[[package]]
name = "structopt-derive"
version = "0.4.18"
source = "registry+https://github.com/rust-lang/crates.io-index"
checksum = "dcb5ae327f9cc13b68763b5749770cb9e048a99bd9dfdfa58d0cf05d5f64afe0"
dependencies = [
 "heck 0.3.3",
 "proc-macro-error",
 "proc-macro2",
 "quote",
 "syn",
]

[[package]]
name = "strum"
version = "0.21.0"
source = "registry+https://github.com/rust-lang/crates.io-index"
checksum = "aaf86bbcfd1fa9670b7a129f64fc0c9fcbbfe4f1bc4210e9e98fe71ffc12cde2"

[[package]]
name = "strum_macros"
version = "0.21.1"
source = "registry+https://github.com/rust-lang/crates.io-index"
checksum = "d06aaeeee809dbc59eb4556183dd927df67db1540de5be8d3ec0b6636358a5ec"
dependencies = [
 "heck 0.3.3",
 "proc-macro2",
 "quote",
 "syn",
]

[[package]]
name = "syn"
version = "1.0.84"
source = "registry+https://github.com/rust-lang/crates.io-index"
checksum = "ecb2e6da8ee5eb9a61068762a32fa9619cc591ceb055b3687f4cd4051ec2e06b"
dependencies = [
 "proc-macro2",
 "quote",
 "unicode-xid",
]

[[package]]
name = "syscallz"
version = "0.16.1"
source = "registry+https://github.com/rust-lang/crates.io-index"
checksum = "d94a506596d31342f15e130c31b7356b12bd1e74d316af44ff8a2d47011f9a17"
dependencies = [
 "log",
 "pkg-config",
 "seccomp-sys",
 "strum",
 "strum_macros",
]

[[package]]
name = "termcolor"
version = "1.1.2"
source = "registry+https://github.com/rust-lang/crates.io-index"
checksum = "2dfed899f0eb03f32ee8c6a0aabdb8a7949659e3466561fc0adf54e26d88c5f4"
dependencies = [
 "winapi-util",
]

[[package]]
name = "textwrap"
version = "0.11.0"
source = "registry+https://github.com/rust-lang/crates.io-index"
checksum = "d326610f408c7a4eb6f51c37c330e496b08506c9457c9d34287ecc38809fb060"
dependencies = [
 "unicode-width",
]

[[package]]
name = "textwrap"
version = "0.14.2"
source = "registry+https://github.com/rust-lang/crates.io-index"
checksum = "0066c8d12af8b5acd21e00547c3797fde4e8677254a7ee429176ccebbe93dd80"

[[package]]
name = "thiserror"
version = "1.0.30"
source = "registry+https://github.com/rust-lang/crates.io-index"
checksum = "854babe52e4df1653706b98fcfc05843010039b406875930a70e4d9644e5c417"
dependencies = [
 "thiserror-impl",
]

[[package]]
name = "thiserror-impl"
version = "1.0.30"
source = "registry+https://github.com/rust-lang/crates.io-index"
checksum = "aa32fd3f627f367fe16f893e2597ae3c05020f8bba2666a4e6ea73d377e5714b"
dependencies = [
 "proc-macro2",
 "quote",
 "syn",
]

[[package]]
name = "tinyvec"
version = "1.5.1"
source = "registry+https://github.com/rust-lang/crates.io-index"
checksum = "2c1c1d5a42b6245520c249549ec267180beaffcc0615401ac8e31853d4b6d8d2"
dependencies = [
 "tinyvec_macros",
]

[[package]]
name = "tinyvec_macros"
version = "0.1.0"
source = "registry+https://github.com/rust-lang/crates.io-index"
checksum = "cda74da7e1a664f795bb1f8a87ec406fb89a02522cf6e50620d016add6dbbf5c"

[[package]]
name = "tls-parser"
version = "0.11.0"
source = "registry+https://github.com/rust-lang/crates.io-index"
checksum = "409206e2de64edbf7ea99a44ac31680daf9ef1a57895fb3c5bd738a903691be0"
dependencies = [
 "enum_primitive",
 "nom 7.1.0",
 "nom-derive",
 "phf",
 "phf_codegen",
 "rusticata-macros",
]

[[package]]
name = "tokio"
version = "1.17.0"
source = "registry+https://github.com/rust-lang/crates.io-index"
checksum = "2af73ac49756f3f7c01172e34a23e5d0216f6c32333757c2c61feb2bbff5a5ee"
dependencies = [
 "bytes",
 "libc",
 "memchr",
 "mio",
 "num_cpus",
 "once_cell",
 "parking_lot",
 "pin-project-lite",
 "signal-hook-registry",
 "socket2",
 "tokio-macros",
 "winapi",
]

[[package]]
name = "tokio-macros"
version = "1.7.0"
source = "registry+https://github.com/rust-lang/crates.io-index"
checksum = "b557f72f448c511a979e2564e55d74e6c4432fc96ff4f6241bc6bded342643b7"
dependencies = [
 "proc-macro2",
 "quote",
 "syn",
]

[[package]]
name = "tokio-stream"
version = "0.1.8"
source = "registry+https://github.com/rust-lang/crates.io-index"
checksum = "50145484efff8818b5ccd256697f36863f587da82cf8b409c53adf1e840798e3"
dependencies = [
 "futures-core",
 "pin-project-lite",
 "tokio",
]

[[package]]
name = "toml"
version = "0.5.8"
source = "registry+https://github.com/rust-lang/crates.io-index"
checksum = "a31142970826733df8241ef35dc040ef98c679ab14d7c3e54d827099b3acecaa"
dependencies = [
 "serde 1.0.133",
]

[[package]]
name = "tuple"
version = "0.5.1"
source = "registry+https://github.com/rust-lang/crates.io-index"
checksum = "39a40ba241047e1174c927dc5f61c141a166b938d61a2ff61838441368cc7d0e"
dependencies = [
 "num-traits 0.2.14",
 "serde 1.0.133",
]

[[package]]
name = "typenum"
version = "1.15.0"
source = "registry+https://github.com/rust-lang/crates.io-index"
checksum = "dcf81ac59edc17cc8697ff311e8f5ef2d99fcbd9817b34cec66f90b6c3dfd987"

[[package]]
name = "unicode-bidi"
version = "0.3.7"
source = "registry+https://github.com/rust-lang/crates.io-index"
checksum = "1a01404663e3db436ed2746d9fefef640d868edae3cceb81c3b8d5732fda678f"

[[package]]
name = "unicode-normalization"
version = "0.1.19"
source = "registry+https://github.com/rust-lang/crates.io-index"
checksum = "d54590932941a9e9266f0832deed84ebe1bf2e4c9e4a3554d393d18f5e854bf9"
dependencies = [
 "tinyvec",
]

[[package]]
name = "unicode-segmentation"
version = "1.8.0"
source = "registry+https://github.com/rust-lang/crates.io-index"
checksum = "8895849a949e7845e06bd6dc1aa51731a103c42707010a5b591c0038fb73385b"

[[package]]
name = "unicode-width"
version = "0.1.9"
source = "registry+https://github.com/rust-lang/crates.io-index"
checksum = "3ed742d4ea2bd1176e236172c8429aaf54486e7ac098db29ffe6529e0ce50973"

[[package]]
name = "unicode-xid"
version = "0.2.2"
source = "registry+https://github.com/rust-lang/crates.io-index"
checksum = "8ccb82d61f80a663efe1f787a51b16b5a51e3314d6ac365b08639f52387b33f3"

[[package]]
name = "url"
version = "2.2.2"
source = "registry+https://github.com/rust-lang/crates.io-index"
checksum = "a507c383b2d33b5fc35d1861e77e6b383d158b2da5e14fe51b83dfedf6fd578c"
dependencies = [
 "form_urlencoded",
 "idna",
 "matches",
 "percent-encoding",
]

[[package]]
name = "users"
version = "0.11.0"
source = "registry+https://github.com/rust-lang/crates.io-index"
checksum = "24cc0f6d6f267b73e5a2cadf007ba8f9bc39c6a6f9666f8cf25ea809a153b032"
dependencies = [
 "libc",
 "log",
]

[[package]]
name = "vec_map"
version = "0.8.2"
source = "registry+https://github.com/rust-lang/crates.io-index"
checksum = "f1bddf1187be692e79c5ffeab891132dfb0f236ed36a43c7ed39f1165ee20191"

[[package]]
name = "version_check"
version = "0.9.4"
source = "registry+https://github.com/rust-lang/crates.io-index"
checksum = "49874b5167b65d7193b8aba1567f5c7d93d001cafc34600cee003eda787e483f"

[[package]]
name = "wasi"
version = "0.10.2+wasi-snapshot-preview1"
source = "registry+https://github.com/rust-lang/crates.io-index"
checksum = "fd6fbd9a79829dd1ad0cc20627bf1ed606756a7f77edff7b66b7064f9cb327c6"

[[package]]
name = "wasi"
version = "0.11.0+wasi-snapshot-preview1"
source = "registry+https://github.com/rust-lang/crates.io-index"
checksum = "9c8d87e72b64a3b4db28d11ce29237c246188f4f51057d65a7eab63b7987e423"

[[package]]
name = "winapi"
version = "0.3.9"
source = "registry+https://github.com/rust-lang/crates.io-index"
checksum = "5c839a674fcd7a98952e593242ea400abe93992746761e38641405d28b00f419"
dependencies = [
 "winapi-i686-pc-windows-gnu",
 "winapi-x86_64-pc-windows-gnu",
]

[[package]]
name = "winapi-i686-pc-windows-gnu"
version = "0.4.0"
source = "registry+https://github.com/rust-lang/crates.io-index"
checksum = "ac3b87c63620426dd9b991e5ce0329eff545bccbbb34f3be09ff6fb6ab51b7b6"

[[package]]
name = "winapi-util"
version = "0.1.5"
source = "registry+https://github.com/rust-lang/crates.io-index"
checksum = "70ec6ce85bb158151cae5e5c87f95a8e97d2c0c4b001223f33a334e3ce5de178"
dependencies = [
 "winapi",
]

[[package]]
name = "winapi-x86_64-pc-windows-gnu"
version = "0.4.0"
source = "registry+https://github.com/rust-lang/crates.io-index"
checksum = "712e227841d057c1ee1cd2fb22fa7e5a5461ae8e48fa2ca79ec42cfc1931183f"

[[package]]
name = "windows-sys"
version = "0.32.0"
source = "registry+https://github.com/rust-lang/crates.io-index"
checksum = "3df6e476185f92a12c072be4a189a0210dcdcf512a1891d6dff9edb874deadc6"
dependencies = [
 "windows_aarch64_msvc",
 "windows_i686_gnu",
 "windows_i686_msvc",
 "windows_x86_64_gnu",
 "windows_x86_64_msvc",
]

[[package]]
name = "windows_aarch64_msvc"
version = "0.32.0"
source = "registry+https://github.com/rust-lang/crates.io-index"
checksum = "d8e92753b1c443191654ec532f14c199742964a061be25d77d7a96f09db20bf5"

[[package]]
name = "windows_i686_gnu"
version = "0.32.0"
source = "registry+https://github.com/rust-lang/crates.io-index"
checksum = "6a711c68811799e017b6038e0922cb27a5e2f43a2ddb609fe0b6f3eeda9de615"

[[package]]
name = "windows_i686_msvc"
version = "0.32.0"
source = "registry+https://github.com/rust-lang/crates.io-index"
checksum = "146c11bb1a02615db74680b32a68e2d61f553cc24c4eb5b4ca10311740e44172"

[[package]]
name = "windows_x86_64_gnu"
version = "0.32.0"
source = "registry+https://github.com/rust-lang/crates.io-index"
checksum = "c912b12f7454c6620635bbff3450962753834be2a594819bd5e945af18ec64bc"

[[package]]
name = "windows_x86_64_msvc"
version = "0.32.0"
source = "registry+https://github.com/rust-lang/crates.io-index"
checksum = "504a2476202769977a040c6364301a3f65d0cc9e3fb08600b2bda150a0488316"

[[package]]
name = "wyhash"
version = "0.5.0"
source = "registry+https://github.com/rust-lang/crates.io-index"
checksum = "baf6e163c25e3fac820b4b453185ea2dea3b6a3e0a721d4d23d75bd33734c295"
dependencies = [
 "rand_core",
]

[[package]]
name = "yaml-rust"
version = "0.4.5"
source = "registry+https://github.com/rust-lang/crates.io-index"
checksum = "56c1936c4cc7a1c9ab21a1ebb602eb942ba868cbd44a99cb7cdc5892335e1c85"
dependencies = [
 "linked-hash-map",
]
